
Microsoft Visual Studio Solution File, Format Version 12.00
# Visual Studio Version 17
VisualStudioVersion = 17.10.35013.160
MinimumVisualStudioVersion = 10.0.40219.1
Project("{FAE04EC0-301F-11D3-BF4B-00C04F79EFBC}") = "MonitoringService", "MonitoringService\MonitoringService.csproj", "{630F60C1-BDB8-4BE9-A411-D7D489EFD86F}"
EndProject
Project("{FAE04EC0-301F-11D3-BF4B-00C04F79EFBC}") = "SettingsApplication", "SettingsApplication\SettingsApplication.csproj", "{6A8BBD86-5BAC-4FAE-9044-94B022BA408F}"
EndProject
Project("{FAE04EC0-301F-11D3-BF4B-00C04F79EFBC}") = "FileWatcherService", "FileWatcherService\FileWatcherService.csproj", "{5DF6F5BA-2A98-46C1-9A7F-4CC3F5037E55}"
EndProject
Project("{FAE04EC0-301F-11D3-BF4B-00C04F79EFBC}") = "Util", "Util\Util.csproj", "{D7367177-AF14-4620-8F7E-780E2C1B5E6B}"
EndProject
Project("{FAE04EC0-301F-11D3-BF4B-00C04F79EFBC}") = "LogoMockWebApi", "LogoMockWebApi\LogoMockWebApi.csproj", "{8E9E59BA-4CA7-47D5-8314-880A712E8E17}"
EndProject
Global
	GlobalSection(SolutionConfigurationPlatforms) = preSolution
		Debug|Any CPU = Debug|Any CPU
		Release|Any CPU = Release|Any CPU
	EndGlobalSection
	GlobalSection(ProjectConfigurationPlatforms) = postSolution
		{630F60C1-BDB8-4BE9-A411-D7D489EFD86F}.Debug|Any CPU.ActiveCfg = Debug|Any CPU
		{630F60C1-BDB8-4BE9-A411-D7D489EFD86F}.Debug|Any CPU.Build.0 = Debug|Any CPU
		{630F60C1-BDB8-4BE9-A411-D7D489EFD86F}.Release|Any CPU.ActiveCfg = Release|Any CPU
		{630F60C1-BDB8-4BE9-A411-D7D489EFD86F}.Release|Any CPU.Build.0 = Release|Any CPU
		{6A8BBD86-5BAC-4FAE-9044-94B022BA408F}.Debug|Any CPU.ActiveCfg = Debug|Any CPU
		{6A8BBD86-5BAC-4FAE-9044-94B022BA408F}.Debug|Any CPU.Build.0 = Debug|Any CPU
		{6A8BBD86-5BAC-4FAE-9044-94B022BA408F}.Release|Any CPU.ActiveCfg = Release|Any CPU
		{6A8BBD86-5BAC-4FAE-9044-94B022BA408F}.Release|Any CPU.Build.0 = Release|Any CPU
		{5DF6F5BA-2A98-46C1-9A7F-4CC3F5037E55}.Debug|Any CPU.ActiveCfg = Debug|Any CPU
		{5DF6F5BA-2A98-46C1-9A7F-4CC3F5037E55}.Debug|Any CPU.Build.0 = Debug|Any CPU
		{5DF6F5BA-2A98-46C1-9A7F-4CC3F5037E55}.Release|Any CPU.ActiveCfg = Release|Any CPU
		{5DF6F5BA-2A98-46C1-9A7F-4CC3F5037E55}.Release|Any CPU.Build.0 = Release|Any CPU
		{D7367177-AF14-4620-8F7E-780E2C1B5E6B}.Debug|Any CPU.ActiveCfg = Debug|Any CPU
		{D7367177-AF14-4620-8F7E-780E2C1B5E6B}.Debug|Any CPU.Build.0 = Debug|Any CPU
		{D7367177-AF14-4620-8F7E-780E2C1B5E6B}.Release|Any CPU.ActiveCfg = Release|Any CPU
		{D7367177-AF14-4620-8F7E-780E2C1B5E6B}.Release|Any CPU.Build.0 = Release|Any CPU
		{8E9E59BA-4CA7-47D5-8314-880A712E8E17}.Debug|Any CPU.ActiveCfg = Debug|Any CPU
		{8E9E59BA-4CA7-47D5-8314-880A712E8E17}.Debug|Any CPU.Build.0 = Debug|Any CPU
		{8E9E59BA-4CA7-47D5-8314-880A712E8E17}.Release|Any CPU.ActiveCfg = Release|Any CPU
		{8E9E59BA-4CA7-47D5-8314-880A712E8E17}.Release|Any CPU.Build.0 = Release|Any CPU
	EndGlobalSection
	GlobalSection(SolutionProperties) = preSolution
		HideSolutionNode = FALSE
	EndGlobalSection
	GlobalSection(ExtensibilityGlobals) = postSolution
		SolutionGuid = {46BFFF2E-A880-4DBF-A961-B4EDCD5F3571}
	EndGlobalSection
EndGlobal
